// !$*UTF8*$!
{
	archiveVersion = 1;
	classes = {
	};
	objectVersion = 46;
	objects = {

/* Begin PBXBuildFile section */
		B52AD7F61614C08800D0939A /* UIKit.framework in Frameworks */ = {isa = PBXBuildFile; fileRef = B52AD7F51614C08800D0939A /* UIKit.framework */; };
		B52AD7F81614C08800D0939A /* Foundation.framework in Frameworks */ = {isa = PBXBuildFile; fileRef = B52AD7F71614C08800D0939A /* Foundation.framework */; };
		B52AD7FA1614C08800D0939A /* CoreGraphics.framework in Frameworks */ = {isa = PBXBuildFile; fileRef = B52AD7F91614C08800D0939A /* CoreGraphics.framework */; };
		B52AD8001614C08800D0939A /* InfoPlist.strings in Resources */ = {isa = PBXBuildFile; fileRef = B52AD7FE1614C08800D0939A /* InfoPlist.strings */; };
		B52AD8021614C08800D0939A /* main.m in Sources */ = {isa = PBXBuildFile; fileRef = B52AD8011614C08800D0939A /* main.m */; };
		B52AD8061614C08800D0939A /* AppDelegate.m in Sources */ = {isa = PBXBuildFile; fileRef = B52AD8051614C08800D0939A /* AppDelegate.m */; };
		B52AD80F1614C08800D0939A /* MainStoryboard.storyboard in Resources */ = {isa = PBXBuildFile; fileRef = B52AD80D1614C08800D0939A /* MainStoryboard.storyboard */; };
		B52AD82C1614C12200D0939A /* DataRequestManager.m in Sources */ = {isa = PBXBuildFile; fileRef = B52AD8291614C12200D0939A /* DataRequestManager.m */; };
		B52AD82D1614C12200D0939A /* DataRequest.m in Sources */ = {isa = PBXBuildFile; fileRef = B52AD82B1614C12200D0939A /* DataRequest.m */; };
		B52AD8311614C26000D0939A /* SettingViewController.m in Sources */ = {isa = PBXBuildFile; fileRef = B52AD8301614C26000D0939A /* SettingViewController.m */; };
		B52AD8371614C40900D0939A /* TempViewController.m in Sources */ = {isa = PBXBuildFile; fileRef = B52AD8361614C40900D0939A /* TempViewController.m */; };
		B5368A1A164440360080EA38 /* disclosure_indicator_default@2x.png in Resources */ = {isa = PBXBuildFile; fileRef = B5368A14164440360080EA38 /* disclosure_indicator_default@2x.png */; };
		B5368A1B164440360080EA38 /* CTORowNotSelected@2x.png in Resources */ = {isa = PBXBuildFile; fileRef = B5368A15164440360080EA38 /* CTORowNotSelected@2x.png */; };
		B5368A1C164440360080EA38 /* CTORowSelected@2x.png in Resources */ = {isa = PBXBuildFile; fileRef = B5368A16164440360080EA38 /* CTORowSelected@2x.png */; };
		B5368A1D164440360080EA38 /* disclosure_indicator_default.png in Resources */ = {isa = PBXBuildFile; fileRef = B5368A17164440360080EA38 /* disclosure_indicator_default.png */; };
		B5368A1E164440360080EA38 /* CTORowNotSelected.png in Resources */ = {isa = PBXBuildFile; fileRef = B5368A18164440360080EA38 /* CTORowNotSelected.png */; };
		B5368A1F164440360080EA38 /* CTORowSelected.png in Resources */ = {isa = PBXBuildFile; fileRef = B5368A19164440360080EA38 /* CTORowSelected.png */; };
		B5368A2716444C630080EA38 /* CTORowFakeSelected.png in Resources */ = {isa = PBXBuildFile; fileRef = B5368A2516444C630080EA38 /* CTORowFakeSelected.png */; };
		B5368A2816444C630080EA38 /* CTORowFakeSelected@2x.png in Resources */ = {isa = PBXBuildFile; fileRef = B5368A2616444C630080EA38 /* CTORowFakeSelected@2x.png */; };
		B53731871619E78F00CD455D /* SavedDataManager.m in Sources */ = {isa = PBXBuildFile; fileRef = B53731861619E78F00CD455D /* SavedDataManager.m */; };
		B537318A1619E7B400CD455D /* ServerConfiguration.m in Sources */ = {isa = PBXBuildFile; fileRef = B53731891619E7B400CD455D /* ServerConfiguration.m */; };
		B54C9CE71636DD2C0029D900 /* CoreFoundation.framework in Frameworks */ = {isa = PBXBuildFile; fileRef = B54C9CE61636DD2C0029D900 /* CoreFoundation.framework */; };
		B55E0EDA1615F9B900DB2ED3 /* ServerViewController.m in Sources */ = {isa = PBXBuildFile; fileRef = B55E0ED91615F9B900DB2ED3 /* ServerViewController.m */; };
		B55E0EDE1615FAE300DB2ED3 /* ServerSettingViewController.m in Sources */ = {isa = PBXBuildFile; fileRef = B55E0EDD1615FAE300DB2ED3 /* ServerSettingViewController.m */; };
		B56824E2161A8B5700D6FE0F /* ServerConfigurationCell.m in Sources */ = {isa = PBXBuildFile; fileRef = B56824E1161A8B5700D6FE0F /* ServerConfigurationCell.m */; };
		B5764402162463ED00E1B561 /* button-plus-highlighted.png in Resources */ = {isa = PBXBuildFile; fileRef = B57643FA162463ED00E1B561 /* button-plus-highlighted.png */; };
		B5764403162463ED00E1B561 /* button-x-highlighted.png in Resources */ = {isa = PBXBuildFile; fileRef = B57643FB162463ED00E1B561 /* button-x-highlighted.png */; };
		B5764404162463ED00E1B561 /* button-x-highlighted@2x.png in Resources */ = {isa = PBXBuildFile; fileRef = B57643FC162463ED00E1B561 /* button-x-highlighted@2x.png */; };
		B5764405162463ED00E1B561 /* button-x.png in Resources */ = {isa = PBXBuildFile; fileRef = B57643FD162463ED00E1B561 /* button-x.png */; };
		B5764406162463ED00E1B561 /* button-plus-highlighted@2x.png in Resources */ = {isa = PBXBuildFile; fileRef = B57643FE162463ED00E1B561 /* button-plus-highlighted@2x.png */; };
		B5764407162463ED00E1B561 /* button-plus.png in Resources */ = {isa = PBXBuildFile; fileRef = B57643FF162463ED00E1B561 /* button-plus.png */; };
		B5764408162463ED00E1B561 /* button-plus@2x.png in Resources */ = {isa = PBXBuildFile; fileRef = B5764400162463ED00E1B561 /* button-plus@2x.png */; };
		B5764409162463ED00E1B561 /* button-x@2x.png in Resources */ = {isa = PBXBuildFile; fileRef = B5764401162463ED00E1B561 /* button-x@2x.png */; };
		B5764418162480CA00E1B561 /* 34-coffee.png in Resources */ = {isa = PBXBuildFile; fileRef = B5764416162480CA00E1B561 /* 34-coffee.png */; };
		B5764419162480CA00E1B561 /* 34-coffee@2x.png in Resources */ = {isa = PBXBuildFile; fileRef = B5764417162480CA00E1B561 /* 34-coffee@2x.png */; };
		B576441C162480E000E1B561 /* 106-sliders.png in Resources */ = {isa = PBXBuildFile; fileRef = B576441A162480E000E1B561 /* 106-sliders.png */; };
		B576441D162480E000E1B561 /* 106-sliders@2x.png in Resources */ = {isa = PBXBuildFile; fileRef = B576441B162480E000E1B561 /* 106-sliders@2x.png */; };
		B5764420162480EE00E1B561 /* 122-stats.png in Resources */ = {isa = PBXBuildFile; fileRef = B576441E162480EE00E1B561 /* 122-stats.png */; };
		B5764421162480EE00E1B561 /* 122-stats@2x.png in Resources */ = {isa = PBXBuildFile; fileRef = B576441F162480EE00E1B561 /* 122-stats@2x.png */; };
		B576442816249A7100E1B561 /* 21-skull.png in Resources */ = {isa = PBXBuildFile; fileRef = B576442616249A7100E1B561 /* 21-skull.png */; };
		B576442916249A7100E1B561 /* 21-skull@2x.png in Resources */ = {isa = PBXBuildFile; fileRef = B576442716249A7100E1B561 /* 21-skull@2x.png */; };
		B576442D16249AC700E1B561 /* 13-target.png in Resources */ = {isa = PBXBuildFile; fileRef = B576442B16249AC700E1B561 /* 13-target.png */; };
		B576442E16249AC700E1B561 /* 13-target@2x.png in Resources */ = {isa = PBXBuildFile; fileRef = B576442C16249AC700E1B561 /* 13-target@2x.png */; };
		B5A9DD7616405C4500FA9DB9 /* CFNetwork.framework in Frameworks */ = {isa = PBXBuildFile; fileRef = B5A9DD7516405C4500FA9DB9 /* CFNetwork.framework */; };
		B5E06B6616430B6C009D3F8E /* CellButtonRed.png in Resources */ = {isa = PBXBuildFile; fileRef = B5E06B6416430B6C009D3F8E /* CellButtonRed.png */; };
		B5E06B6716430B6C009D3F8E /* CellButtonRed@2x.png in Resources */ = {isa = PBXBuildFile; fileRef = B5E06B6516430B6C009D3F8E /* CellButtonRed@2x.png */; };
		B5E06B6B16430B74009D3F8E /* CellButtonBlue.png in Resources */ = {isa = PBXBuildFile; fileRef = B5E06B6916430B74009D3F8E /* CellButtonBlue.png */; };
		B5E06B6C16430B74009D3F8E /* CellButtonBlue@2x.png in Resources */ = {isa = PBXBuildFile; fileRef = B5E06B6A16430B74009D3F8E /* CellButtonBlue@2x.png */; };
		B5E06B73164311CD009D3F8E /* CellButtonGrey@2x.png in Resources */ = {isa = PBXBuildFile; fileRef = B5E06B71164311CD009D3F8E /* CellButtonGrey@2x.png */; };
		B5E06B74164311CD009D3F8E /* CellButtonGrey.png in Resources */ = {isa = PBXBuildFile; fileRef = B5E06B72164311CD009D3F8E /* CellButtonGrey.png */; };
		B5F79E91164E9C350000CCF0 /* Icon-72.png in Resources */ = {isa = PBXBuildFile; fileRef = B5F79E8B164E9C350000CCF0 /* Icon-72.png */; };
		B5F79E92164E9C350000CCF0 /* Icon-72@2x.png in Resources */ = {isa = PBXBuildFile; fileRef = B5F79E8C164E9C350000CCF0 /* Icon-72@2x.png */; };
		B5F79E93164E9C350000CCF0 /* Icon-Small.png in Resources */ = {isa = PBXBuildFile; fileRef = B5F79E8D164E9C350000CCF0 /* Icon-Small.png */; };
		B5F79E94164E9C350000CCF0 /* Icon-Small@2x.png in Resources */ = {isa = PBXBuildFile; fileRef = B5F79E8E164E9C350000CCF0 /* Icon-Small@2x.png */; };
		B5F79E99164E9D0B0000CCF0 /* Icon.png in Resources */ = {isa = PBXBuildFile; fileRef = B5F79E98164E9D0B0000CCF0 /* Icon.png */; };
		B5F79E9B164E9D0E0000CCF0 /* Icon@2x.png in Resources */ = {isa = PBXBuildFile; fileRef = B5F79E9A164E9D0E0000CCF0 /* Icon@2x.png */; };
		B5F79E9F164EA0F70000CCF0 /* Default.png in Resources */ = {isa = PBXBuildFile; fileRef = B5F79E9E164EA0F70000CCF0 /* Default.png */; };
		B5F79EA1164EA0FC0000CCF0 /* Default@2x.png in Resources */ = {isa = PBXBuildFile; fileRef = B5F79EA0164EA0FC0000CCF0 /* Default@2x.png */; };
		B5F79EA3164EA1000000CCF0 /* Default-568h@2x.png in Resources */ = {isa = PBXBuildFile; fileRef = B5F79EA2164EA1000000CCF0 /* Default-568h@2x.png */; };
/* End PBXBuildFile section */

/* Begin PBXFileReference section */
		B52AD7F11614C08800D0939A /* Coffeed.app */ = {isa = PBXFileReference; explicitFileType = wrapper.application; includeInIndex = 0; path = Coffeed.app; sourceTree = BUILT_PRODUCTS_DIR; };
		B52AD7F51614C08800D0939A /* UIKit.framework */ = {isa = PBXFileReference; lastKnownFileType = wrapper.framework; name = UIKit.framework; path = System/Library/Frameworks/UIKit.framework; sourceTree = SDKROOT; };
		B52AD7F71614C08800D0939A /* Foundation.framework */ = {isa = PBXFileReference; lastKnownFileType = wrapper.framework; name = Foundation.framework; path = System/Library/Frameworks/Foundation.framework; sourceTree = SDKROOT; };
		B52AD7F91614C08800D0939A /* CoreGraphics.framework */ = {isa = PBXFileReference; lastKnownFileType = wrapper.framework; name = CoreGraphics.framework; path = System/Library/Frameworks/CoreGraphics.framework; sourceTree = SDKROOT; };
		B52AD7FD1614C08800D0939A /* Coffeed-Info.plist */ = {isa = PBXFileReference; lastKnownFileType = text.plist.xml; path = "Coffeed-Info.plist"; sourceTree = "<group>"; };
		B52AD7FF1614C08800D0939A /* en */ = {isa = PBXFileReference; lastKnownFileType = text.plist.strings; name = en; path = en.lproj/InfoPlist.strings; sourceTree = "<group>"; };
		B52AD8011614C08800D0939A /* main.m */ = {isa = PBXFileReference; lastKnownFileType = sourcecode.c.objc; path = main.m; sourceTree = "<group>"; };
		B52AD8031614C08800D0939A /* Coffeed-Prefix.pch */ = {isa = PBXFileReference; lastKnownFileType = sourcecode.c.h; path = "Coffeed-Prefix.pch"; sourceTree = "<group>"; };
		B52AD8041614C08800D0939A /* AppDelegate.h */ = {isa = PBXFileReference; lastKnownFileType = sourcecode.c.h; path = AppDelegate.h; sourceTree = "<group>"; };
		B52AD8051614C08800D0939A /* AppDelegate.m */ = {isa = PBXFileReference; lastKnownFileType = sourcecode.c.objc; path = AppDelegate.m; sourceTree = "<group>"; };
		B52AD80E1614C08800D0939A /* en */ = {isa = PBXFileReference; lastKnownFileType = file.storyboard; name = en; path = en.lproj/MainStoryboard.storyboard; sourceTree = "<group>"; };
		B52AD8281614C12200D0939A /* DataRequestManager.h */ = {isa = PBXFileReference; fileEncoding = 4; lastKnownFileType = sourcecode.c.h; path = DataRequestManager.h; sourceTree = "<group>"; };
		B52AD8291614C12200D0939A /* DataRequestManager.m */ = {isa = PBXFileReference; fileEncoding = 4; lastKnownFileType = sourcecode.c.objc; path = DataRequestManager.m; sourceTree = "<group>"; };
		B52AD82A1614C12200D0939A /* DataRequest.h */ = {isa = PBXFileReference; fileEncoding = 4; lastKnownFileType = sourcecode.c.h; path = DataRequest.h; sourceTree = "<group>"; };
		B52AD82B1614C12200D0939A /* DataRequest.m */ = {isa = PBXFileReference; fileEncoding = 4; lastKnownFileType = sourcecode.c.objc; path = DataRequest.m; sourceTree = "<group>"; };
		B52AD82F1614C26000D0939A /* SettingViewController.h */ = {isa = PBXFileReference; fileEncoding = 4; lastKnownFileType = sourcecode.c.h; path = SettingViewController.h; sourceTree = "<group>"; };
		B52AD8301614C26000D0939A /* SettingViewController.m */ = {isa = PBXFileReference; fileEncoding = 4; lastKnownFileType = sourcecode.c.objc; path = SettingViewController.m; sourceTree = "<group>"; };
		B52AD8351614C40900D0939A /* TempViewController.h */ = {isa = PBXFileReference; fileEncoding = 4; lastKnownFileType = sourcecode.c.h; path = TempViewController.h; sourceTree = "<group>"; };
		B52AD8361614C40900D0939A /* TempViewController.m */ = {isa = PBXFileReference; fileEncoding = 4; lastKnownFileType = sourcecode.c.objc; path = TempViewController.m; sourceTree = "<group>"; };
		B5368A14164440360080EA38 /* disclosure_indicator_default@2x.png */ = {isa = PBXFileReference; lastKnownFileType = image.png; path = "disclosure_indicator_default@2x.png"; sourceTree = "<group>"; };
		B5368A15164440360080EA38 /* CTORowNotSelected@2x.png */ = {isa = PBXFileReference; lastKnownFileType = image.png; path = "CTORowNotSelected@2x.png"; sourceTree = "<group>"; };
		B5368A16164440360080EA38 /* CTORowSelected@2x.png */ = {isa = PBXFileReference; lastKnownFileType = image.png; path = "CTORowSelected@2x.png"; sourceTree = "<group>"; };
		B5368A17164440360080EA38 /* disclosure_indicator_default.png */ = {isa = PBXFileReference; lastKnownFileType = image.png; path = disclosure_indicator_default.png; sourceTree = "<group>"; };
		B5368A18164440360080EA38 /* CTORowNotSelected.png */ = {isa = PBXFileReference; lastKnownFileType = image.png; path = CTORowNotSelected.png; sourceTree = "<group>"; };
		B5368A19164440360080EA38 /* CTORowSelected.png */ = {isa = PBXFileReference; lastKnownFileType = image.png; path = CTORowSelected.png; sourceTree = "<group>"; };
		B5368A2516444C630080EA38 /* CTORowFakeSelected.png */ = {isa = PBXFileReference; lastKnownFileType = image.png; path = CTORowFakeSelected.png; sourceTree = "<group>"; };
		B5368A2616444C630080EA38 /* CTORowFakeSelected@2x.png */ = {isa = PBXFileReference; lastKnownFileType = image.png; path = "CTORowFakeSelected@2x.png"; sourceTree = "<group>"; };
		B53731851619E78F00CD455D /* SavedDataManager.h */ = {isa = PBXFileReference; fileEncoding = 4; lastKnownFileType = sourcecode.c.h; path = SavedDataManager.h; sourceTree = "<group>"; };
		B53731861619E78F00CD455D /* SavedDataManager.m */ = {isa = PBXFileReference; fileEncoding = 4; lastKnownFileType = sourcecode.c.objc; path = SavedDataManager.m; sourceTree = "<group>"; };
		B53731881619E7B300CD455D /* ServerConfiguration.h */ = {isa = PBXFileReference; fileEncoding = 4; lastKnownFileType = sourcecode.c.h; path = ServerConfiguration.h; sourceTree = "<group>"; };
		B53731891619E7B400CD455D /* ServerConfiguration.m */ = {isa = PBXFileReference; fileEncoding = 4; lastKnownFileType = sourcecode.c.objc; path = ServerConfiguration.m; sourceTree = "<group>"; };
		B54C9CE61636DD2C0029D900 /* CoreFoundation.framework */ = {isa = PBXFileReference; lastKnownFileType = wrapper.framework; name = CoreFoundation.framework; path = System/Library/Frameworks/CoreFoundation.framework; sourceTree = SDKROOT; };
		B55E0ED81615F9B900DB2ED3 /* ServerViewController.h */ = {isa = PBXFileReference; fileEncoding = 4; lastKnownFileType = sourcecode.c.h; path = ServerViewController.h; sourceTree = "<group>"; };
		B55E0ED91615F9B900DB2ED3 /* ServerViewController.m */ = {isa = PBXFileReference; fileEncoding = 4; lastKnownFileType = sourcecode.c.objc; path = ServerViewController.m; sourceTree = "<group>"; };
		B55E0EDC1615FAE300DB2ED3 /* ServerSettingViewController.h */ = {isa = PBXFileReference; fileEncoding = 4; lastKnownFileType = sourcecode.c.h; path = ServerSettingViewController.h; sourceTree = "<group>"; };
		B55E0EDD1615FAE300DB2ED3 /* ServerSettingViewController.m */ = {isa = PBXFileReference; fileEncoding = 4; lastKnownFileType = sourcecode.c.objc; path = ServerSettingViewController.m; sourceTree = "<group>"; };
		B564397F1626466000044A1D /* coffeec.c */ = {isa = PBXFileReference; fileEncoding = 4; lastKnownFileType = sourcecode.c.c; path = coffeec.c; sourceTree = "<group>"; };
		B56439801626466000044A1D /* coffeec.h */ = {isa = PBXFileReference; fileEncoding = 4; lastKnownFileType = sourcecode.c.h; path = coffeec.h; sourceTree = "<group>"; };
		B56824E0161A8B5700D6FE0F /* ServerConfigurationCell.h */ = {isa = PBXFileReference; fileEncoding = 4; lastKnownFileType = sourcecode.c.h; path = ServerConfigurationCell.h; sourceTree = "<group>"; };
		B56824E1161A8B5700D6FE0F /* ServerConfigurationCell.m */ = {isa = PBXFileReference; fileEncoding = 4; lastKnownFileType = sourcecode.c.objc; path = ServerConfigurationCell.m; sourceTree = "<group>"; };
		B57643FA162463ED00E1B561 /* button-plus-highlighted.png */ = {isa = PBXFileReference; lastKnownFileType = image.png; path = "button-plus-highlighted.png"; sourceTree = "<group>"; };
		B57643FB162463ED00E1B561 /* button-x-highlighted.png */ = {isa = PBXFileReference; lastKnownFileType = image.png; path = "button-x-highlighted.png"; sourceTree = "<group>"; };
		B57643FC162463ED00E1B561 /* button-x-highlighted@2x.png */ = {isa = PBXFileReference; lastKnownFileType = image.png; path = "button-x-highlighted@2x.png"; sourceTree = "<group>"; };
		B57643FD162463ED00E1B561 /* button-x.png */ = {isa = PBXFileReference; lastKnownFileType = image.png; path = "button-x.png"; sourceTree = "<group>"; };
		B57643FE162463ED00E1B561 /* button-plus-highlighted@2x.png */ = {isa = PBXFileReference; lastKnownFileType = image.png; path = "button-plus-highlighted@2x.png"; sourceTree = "<group>"; };
		B57643FF162463ED00E1B561 /* button-plus.png */ = {isa = PBXFileReference; lastKnownFileType = image.png; path = "button-plus.png"; sourceTree = "<group>"; };
		B5764400162463ED00E1B561 /* button-plus@2x.png */ = {isa = PBXFileReference; lastKnownFileType = image.png; path = "button-plus@2x.png"; sourceTree = "<group>"; };
		B5764401162463ED00E1B561 /* button-x@2x.png */ = {isa = PBXFileReference; lastKnownFileType = image.png; path = "button-x@2x.png"; sourceTree = "<group>"; };
		B5764416162480CA00E1B561 /* 34-coffee.png */ = {isa = PBXFileReference; lastKnownFileType = image.png; path = "34-coffee.png"; sourceTree = "<group>"; };
		B5764417162480CA00E1B561 /* 34-coffee@2x.png */ = {isa = PBXFileReference; lastKnownFileType = image.png; path = "34-coffee@2x.png"; sourceTree = "<group>"; };
		B576441A162480E000E1B561 /* 106-sliders.png */ = {isa = PBXFileReference; lastKnownFileType = image.png; path = "106-sliders.png"; sourceTree = "<group>"; };
		B576441B162480E000E1B561 /* 106-sliders@2x.png */ = {isa = PBXFileReference; lastKnownFileType = image.png; path = "106-sliders@2x.png"; sourceTree = "<group>"; };
		B576441E162480EE00E1B561 /* 122-stats.png */ = {isa = PBXFileReference; lastKnownFileType = image.png; path = "122-stats.png"; sourceTree = "<group>"; };
		B576441F162480EE00E1B561 /* 122-stats@2x.png */ = {isa = PBXFileReference; lastKnownFileType = image.png; path = "122-stats@2x.png"; sourceTree = "<group>"; };
		B576442616249A7100E1B561 /* 21-skull.png */ = {isa = PBXFileReference; lastKnownFileType = image.png; path = "21-skull.png"; sourceTree = "<group>"; };
		B576442716249A7100E1B561 /* 21-skull@2x.png */ = {isa = PBXFileReference; lastKnownFileType = image.png; path = "21-skull@2x.png"; sourceTree = "<group>"; };
		B576442B16249AC700E1B561 /* 13-target.png */ = {isa = PBXFileReference; lastKnownFileType = image.png; path = "13-target.png"; sourceTree = "<group>"; };
		B576442C16249AC700E1B561 /* 13-target@2x.png */ = {isa = PBXFileReference; lastKnownFileType = image.png; path = "13-target@2x.png"; sourceTree = "<group>"; };
		B5A9DD7516405C4500FA9DB9 /* CFNetwork.framework */ = {isa = PBXFileReference; lastKnownFileType = wrapper.framework; name = CFNetwork.framework; path = System/Library/Frameworks/CFNetwork.framework; sourceTree = SDKROOT; };
		B5E06B6416430B6C009D3F8E /* CellButtonRed.png */ = {isa = PBXFileReference; lastKnownFileType = image.png; path = CellButtonRed.png; sourceTree = "<group>"; };
		B5E06B6516430B6C009D3F8E /* CellButtonRed@2x.png */ = {isa = PBXFileReference; lastKnownFileType = image.png; path = "CellButtonRed@2x.png"; sourceTree = "<group>"; };
		B5E06B6916430B74009D3F8E /* CellButtonBlue.png */ = {isa = PBXFileReference; lastKnownFileType = image.png; path = CellButtonBlue.png; sourceTree = "<group>"; };
		B5E06B6A16430B74009D3F8E /* CellButtonBlue@2x.png */ = {isa = PBXFileReference; lastKnownFileType = image.png; path = "CellButtonBlue@2x.png"; sourceTree = "<group>"; };
		B5E06B71164311CD009D3F8E /* CellButtonGrey@2x.png */ = {isa = PBXFileReference; lastKnownFileType = image.png; path = "CellButtonGrey@2x.png"; sourceTree = "<group>"; };
		B5E06B72164311CD009D3F8E /* CellButtonGrey.png */ = {isa = PBXFileReference; lastKnownFileType = image.png; path = CellButtonGrey.png; sourceTree = "<group>"; };
		B5F79E8B164E9C350000CCF0 /* Icon-72.png */ = {isa = PBXFileReference; lastKnownFileType = image.png; path = "Icon-72.png"; sourceTree = "<group>"; };
		B5F79E8C164E9C350000CCF0 /* Icon-72@2x.png */ = {isa = PBXFileReference; lastKnownFileType = image.png; path = "Icon-72@2x.png"; sourceTree = "<group>"; };
		B5F79E8D164E9C350000CCF0 /* Icon-Small.png */ = {isa = PBXFileReference; lastKnownFileType = image.png; path = "Icon-Small.png"; sourceTree = "<group>"; };
		B5F79E8E164E9C350000CCF0 /* Icon-Small@2x.png */ = {isa = PBXFileReference; lastKnownFileType = image.png; path = "Icon-Small@2x.png"; sourceTree = "<group>"; };
		B5F79E98164E9D0B0000CCF0 /* Icon.png */ = {isa = PBXFileReference; lastKnownFileType = image.png; name = Icon.png; path = ../Icon.png; sourceTree = "<group>"; };
		B5F79E9A164E9D0E0000CCF0 /* Icon@2x.png */ = {isa = PBXFileReference; lastKnownFileType = image.png; name = "Icon@2x.png"; path = "../Icon@2x.png"; sourceTree = "<group>"; };
		B5F79E9E164EA0F70000CCF0 /* Default.png */ = {isa = PBXFileReference; lastKnownFileType = image.png; path = Default.png; sourceTree = "<group>"; };
		B5F79EA0164EA0FC0000CCF0 /* Default@2x.png */ = {isa = PBXFileReference; lastKnownFileType = image.png; path = "Default@2x.png"; sourceTree = "<group>"; };
		B5F79EA2164EA1000000CCF0 /* Default-568h@2x.png */ = {isa = PBXFileReference; lastKnownFileType = image.png; path = "Default-568h@2x.png"; sourceTree = "<group>"; };
/* End PBXFileReference section */

/* Begin PBXFrameworksBuildPhase section */
		B52AD7EE1614C08800D0939A /* Frameworks */ = {
			isa = PBXFrameworksBuildPhase;
			buildActionMask = 2147483647;
			files = (
				B5A9DD7616405C4500FA9DB9 /* CFNetwork.framework in Frameworks */,
				B54C9CE71636DD2C0029D900 /* CoreFoundation.framework in Frameworks */,
				B52AD7F61614C08800D0939A /* UIKit.framework in Frameworks */,
				B52AD7F81614C08800D0939A /* Foundation.framework in Frameworks */,
				B52AD7FA1614C08800D0939A /* CoreGraphics.framework in Frameworks */,
			);
			runOnlyForDeploymentPostprocessing = 0;
		};
/* End PBXFrameworksBuildPhase section */

/* Begin PBXGroup section */
		B52AD7E61614C08800D0939A = {
			isa = PBXGroup;
			children = (
				B5F79EA2164EA1000000CCF0 /* Default-568h@2x.png */,
				B5F79EA0164EA0FC0000CCF0 /* Default@2x.png */,
				B5F79E9E164EA0F70000CCF0 /* Default.png */,
				B52AD7FB1614C08800D0939A /* Coffeed */,
				B52AD7F41614C08800D0939A /* Frameworks */,
				B52AD7F21614C08800D0939A /* Products */,
			);
			sourceTree = "<group>";
		};
		B52AD7F21614C08800D0939A /* Products */ = {
			isa = PBXGroup;
			children = (
				B52AD7F11614C08800D0939A /* Coffeed.app */,
			);
			name = Products;
			sourceTree = "<group>";
		};
		B52AD7F41614C08800D0939A /* Frameworks */ = {
			isa = PBXGroup;
			children = (
				B5A9DD7516405C4500FA9DB9 /* CFNetwork.framework */,
				B54C9CE61636DD2C0029D900 /* CoreFoundation.framework */,
				B52AD7F51614C08800D0939A /* UIKit.framework */,
				B52AD7F71614C08800D0939A /* Foundation.framework */,
				B52AD7F91614C08800D0939A /* CoreGraphics.framework */,
			);
			name = Frameworks;
			sourceTree = "<group>";
		};
		B52AD7FB1614C08800D0939A /* Coffeed */ = {
			isa = PBXGroup;
			children = (
				B52AD8381614C42400D0939A /* CoffeeC */,
				B52AD8271614C12200D0939A /* Support Classes */,
				B52AD82E1614C24600D0939A /* ViewControllers */,
				B5B22596162D9DD800AE9A3F /* TableCells */,
				B52AD8041614C08800D0939A /* AppDelegate.h */,
				B52AD8051614C08800D0939A /* AppDelegate.m */,
				B52AD80D1614C08800D0939A /* MainStoryboard.storyboard */,
				B52AD7FC1614C08800D0939A /* Supporting Files */,
			);
			path = Coffeed;
			sourceTree = "<group>";
		};
		B52AD7FC1614C08800D0939A /* Supporting Files */ = {
			isa = PBXGroup;
			children = (
				B5F79E98164E9D0B0000CCF0 /* Icon.png */,
				B5F79E9A164E9D0E0000CCF0 /* Icon@2x.png */,
				B5F79E8B164E9C350000CCF0 /* Icon-72.png */,
				B5F79E8C164E9C350000CCF0 /* Icon-72@2x.png */,
				B5F79E8D164E9C350000CCF0 /* Icon-Small.png */,
				B5F79E8E164E9C350000CCF0 /* Icon-Small@2x.png */,
				B5368A14164440360080EA38 /* disclosure_indicator_default@2x.png */,
				B5368A17164440360080EA38 /* disclosure_indicator_default.png */,
				B5368A2516444C630080EA38 /* CTORowFakeSelected.png */,
				B5368A2616444C630080EA38 /* CTORowFakeSelected@2x.png */,
				B5368A15164440360080EA38 /* CTORowNotSelected@2x.png */,
				B5368A16164440360080EA38 /* CTORowSelected@2x.png */,
				B5368A18164440360080EA38 /* CTORowNotSelected.png */,
				B5368A19164440360080EA38 /* CTORowSelected.png */,
				B5E06B71164311CD009D3F8E /* CellButtonGrey@2x.png */,
				B5E06B72164311CD009D3F8E /* CellButtonGrey.png */,
				B5E06B6916430B74009D3F8E /* CellButtonBlue.png */,
				B5E06B6A16430B74009D3F8E /* CellButtonBlue@2x.png */,
				B5E06B6416430B6C009D3F8E /* CellButtonRed.png */,
				B5E06B6516430B6C009D3F8E /* CellButtonRed@2x.png */,
				B576442B16249AC700E1B561 /* 13-target.png */,
				B576442C16249AC700E1B561 /* 13-target@2x.png */,
				B576442616249A7100E1B561 /* 21-skull.png */,
				B576442716249A7100E1B561 /* 21-skull@2x.png */,
				B576441E162480EE00E1B561 /* 122-stats.png */,
				B576441F162480EE00E1B561 /* 122-stats@2x.png */,
				B576441A162480E000E1B561 /* 106-sliders.png */,
				B576441B162480E000E1B561 /* 106-sliders@2x.png */,
				B5764416162480CA00E1B561 /* 34-coffee.png */,
				B5764417162480CA00E1B561 /* 34-coffee@2x.png */,
				B57643FA162463ED00E1B561 /* button-plus-highlighted.png */,
				B57643FB162463ED00E1B561 /* button-x-highlighted.png */,
				B57643FC162463ED00E1B561 /* button-x-highlighted@2x.png */,
				B57643FD162463ED00E1B561 /* button-x.png */,
				B57643FE162463ED00E1B561 /* button-plus-highlighted@2x.png */,
				B57643FF162463ED00E1B561 /* button-plus.png */,
				B5764400162463ED00E1B561 /* button-plus@2x.png */,
				B5764401162463ED00E1B561 /* button-x@2x.png */,
				B52AD7FD1614C08800D0939A /* Coffeed-Info.plist */,
				B52AD7FE1614C08800D0939A /* InfoPlist.strings */,
				B52AD8011614C08800D0939A /* main.m */,
				B52AD8031614C08800D0939A /* Coffeed-Prefix.pch */,
			);
			name = "Supporting Files";
			sourceTree = "<group>";
		};
		B52AD8271614C12200D0939A /* Support Classes */ = {
			isa = PBXGroup;
			children = (
				B53731881619E7B300CD455D /* ServerConfiguration.h */,
				B53731891619E7B400CD455D /* ServerConfiguration.m */,
				B53731851619E78F00CD455D /* SavedDataManager.h */,
				B53731861619E78F00CD455D /* SavedDataManager.m */,
				B52AD8281614C12200D0939A /* DataRequestManager.h */,
				B52AD8291614C12200D0939A /* DataRequestManager.m */,
				B52AD82A1614C12200D0939A /* DataRequest.h */,
				B52AD82B1614C12200D0939A /* DataRequest.m */,
			);
			path = "Support Classes";
			sourceTree = "<group>";
		};
		B52AD82E1614C24600D0939A /* ViewControllers */ = {
			isa = PBXGroup;
			children = (
				B52AD8351614C40900D0939A /* TempViewController.h */,
				B52AD8361614C40900D0939A /* TempViewController.m */,
				B52AD82F1614C26000D0939A /* SettingViewController.h */,
				B52AD8301614C26000D0939A /* SettingViewController.m */,
				B55E0ED81615F9B900DB2ED3 /* ServerViewController.h */,
				B55E0ED91615F9B900DB2ED3 /* ServerViewController.m */,
				B55E0EDC1615FAE300DB2ED3 /* ServerSettingViewController.h */,
				B55E0EDD1615FAE300DB2ED3 /* ServerSettingViewController.m */,
			);
			name = ViewControllers;
			sourceTree = "<group>";
		};
		B52AD8381614C42400D0939A /* CoffeeC */ = {
			isa = PBXGroup;
			children = (
				B564397F1626466000044A1D /* coffeec.c */,
				B56439801626466000044A1D /* coffeec.h */,
			);
			name = CoffeeC;
			sourceTree = "<group>";
		};
		B5B22596162D9DD800AE9A3F /* TableCells */ = {
			isa = PBXGroup;
			children = (
				B56824E0161A8B5700D6FE0F /* ServerConfigurationCell.h */,
				B56824E1161A8B5700D6FE0F /* ServerConfigurationCell.m */,
			);
			name = TableCells;
			sourceTree = "<group>";
		};
/* End PBXGroup section */

/* Begin PBXNativeTarget section */
		B52AD7F01614C08800D0939A /* Coffeed */ = {
			isa = PBXNativeTarget;
			buildConfigurationList = B52AD8201614C08800D0939A /* Build configuration list for PBXNativeTarget "Coffeed" */;
			buildPhases = (
				B52AD7ED1614C08800D0939A /* Sources */,
				B52AD7EE1614C08800D0939A /* Frameworks */,
				B52AD7EF1614C08800D0939A /* Resources */,
			);
			buildRules = (
			);
			dependencies = (
			);
			name = Coffeed;
			productName = Coffeed;
			productReference = B52AD7F11614C08800D0939A /* Coffeed.app */;
			productType = "com.apple.product-type.application";
		};
/* End PBXNativeTarget section */

/* Begin PBXProject section */
		B52AD7E81614C08800D0939A /* Project object */ = {
			isa = PBXProject;
			attributes = {
				LastUpgradeCheck = 0450;
				ORGANIZATIONNAME = "Nathan Van Fleet";
			};
			buildConfigurationList = B52AD7EB1614C08800D0939A /* Build configuration list for PBXProject "Coffeed" */;
			compatibilityVersion = "Xcode 3.2";
			developmentRegion = English;
			hasScannedForEncodings = 0;
			knownRegions = (
				en,
			);
			mainGroup = B52AD7E61614C08800D0939A;
			productRefGroup = B52AD7F21614C08800D0939A /* Products */;
			projectDirPath = "";
			projectRoot = "";
			targets = (
				B52AD7F01614C08800D0939A /* Coffeed */,
			);
		};
/* End PBXProject section */

/* Begin PBXResourcesBuildPhase section */
		B52AD7EF1614C08800D0939A /* Resources */ = {
			isa = PBXResourcesBuildPhase;
			buildActionMask = 2147483647;
			files = (
				B52AD8001614C08800D0939A /* InfoPlist.strings in Resources */,
				B52AD80F1614C08800D0939A /* MainStoryboard.storyboard in Resources */,
				B5764402162463ED00E1B561 /* button-plus-highlighted.png in Resources */,
				B5764403162463ED00E1B561 /* button-x-highlighted.png in Resources */,
				B5764404162463ED00E1B561 /* button-x-highlighted@2x.png in Resources */,
				B5764405162463ED00E1B561 /* button-x.png in Resources */,
				B5764406162463ED00E1B561 /* button-plus-highlighted@2x.png in Resources */,
				B5764407162463ED00E1B561 /* button-plus.png in Resources */,
				B5764408162463ED00E1B561 /* button-plus@2x.png in Resources */,
				B5764409162463ED00E1B561 /* button-x@2x.png in Resources */,
				B5764418162480CA00E1B561 /* 34-coffee.png in Resources */,
				B5764419162480CA00E1B561 /* 34-coffee@2x.png in Resources */,
				B576441C162480E000E1B561 /* 106-sliders.png in Resources */,
				B576441D162480E000E1B561 /* 106-sliders@2x.png in Resources */,
				B5764420162480EE00E1B561 /* 122-stats.png in Resources */,
				B5764421162480EE00E1B561 /* 122-stats@2x.png in Resources */,
				B576442816249A7100E1B561 /* 21-skull.png in Resources */,
				B576442916249A7100E1B561 /* 21-skull@2x.png in Resources */,
				B576442D16249AC700E1B561 /* 13-target.png in Resources */,
				B576442E16249AC700E1B561 /* 13-target@2x.png in Resources */,
				B5E06B6616430B6C009D3F8E /* CellButtonRed.png in Resources */,
				B5E06B6716430B6C009D3F8E /* CellButtonRed@2x.png in Resources */,
				B5E06B6B16430B74009D3F8E /* CellButtonBlue.png in Resources */,
				B5E06B6C16430B74009D3F8E /* CellButtonBlue@2x.png in Resources */,
				B5E06B73164311CD009D3F8E /* CellButtonGrey@2x.png in Resources */,
				B5E06B74164311CD009D3F8E /* CellButtonGrey.png in Resources */,
				B5368A1A164440360080EA38 /* disclosure_indicator_default@2x.png in Resources */,
				B5368A1B164440360080EA38 /* CTORowNotSelected@2x.png in Resources */,
				B5368A1C164440360080EA38 /* CTORowSelected@2x.png in Resources */,
				B5368A1D164440360080EA38 /* disclosure_indicator_default.png in Resources */,
				B5368A1E164440360080EA38 /* CTORowNotSelected.png in Resources */,
				B5368A1F164440360080EA38 /* CTORowSelected.png in Resources */,
				B5368A2716444C630080EA38 /* CTORowFakeSelected.png in Resources */,
				B5368A2816444C630080EA38 /* CTORowFakeSelected@2x.png in Resources */,
				B5F79E91164E9C350000CCF0 /* Icon-72.png in Resources */,
				B5F79E92164E9C350000CCF0 /* Icon-72@2x.png in Resources */,
				B5F79E93164E9C350000CCF0 /* Icon-Small.png in Resources */,
				B5F79E94164E9C350000CCF0 /* Icon-Small@2x.png in Resources */,
				B5F79E99164E9D0B0000CCF0 /* Icon.png in Resources */,
				B5F79E9B164E9D0E0000CCF0 /* Icon@2x.png in Resources */,
				B5F79E9F164EA0F70000CCF0 /* Default.png in Resources */,
				B5F79EA1164EA0FC0000CCF0 /* Default@2x.png in Resources */,
				B5F79EA3164EA1000000CCF0 /* Default-568h@2x.png in Resources */,
			);
			runOnlyForDeploymentPostprocessing = 0;
		};
/* End PBXResourcesBuildPhase section */

/* Begin PBXSourcesBuildPhase section */
		B52AD7ED1614C08800D0939A /* Sources */ = {
			isa = PBXSourcesBuildPhase;
			buildActionMask = 2147483647;
			files = (
				B52AD8021614C08800D0939A /* main.m in Sources */,
				B52AD8061614C08800D0939A /* AppDelegate.m in Sources */,
				B52AD82C1614C12200D0939A /* DataRequestManager.m in Sources */,
				B52AD82D1614C12200D0939A /* DataRequest.m in Sources */,
				B52AD8311614C26000D0939A /* SettingViewController.m in Sources */,
				B52AD8371614C40900D0939A /* TempViewController.m in Sources */,
				B55E0EDA1615F9B900DB2ED3 /* ServerViewController.m in Sources */,
				B55E0EDE1615FAE300DB2ED3 /* ServerSettingViewController.m in Sources */,
				B53731871619E78F00CD455D /* SavedDataManager.m in Sources */,
				B537318A1619E7B400CD455D /* ServerConfiguration.m in Sources */,
				B56824E2161A8B5700D6FE0F /* ServerConfigurationCell.m in Sources */,
			);
			runOnlyForDeploymentPostprocessing = 0;
		};
/* End PBXSourcesBuildPhase section */

/* Begin PBXVariantGroup section */
		B52AD7FE1614C08800D0939A /* InfoPlist.strings */ = {
			isa = PBXVariantGroup;
			children = (
				B52AD7FF1614C08800D0939A /* en */,
			);
			name = InfoPlist.strings;
			sourceTree = "<group>";
		};
		B52AD80D1614C08800D0939A /* MainStoryboard.storyboard */ = {
			isa = PBXVariantGroup;
			children = (
				B52AD80E1614C08800D0939A /* en */,
			);
			name = MainStoryboard.storyboard;
			sourceTree = "<group>";
		};
/* End PBXVariantGroup section */

/* Begin XCBuildConfiguration section */
		B52AD81E1614C08800D0939A /* Debug */ = {
			isa = XCBuildConfiguration;
			buildSettings = {
				ALWAYS_SEARCH_USER_PATHS = NO;
				CLANG_CXX_LANGUAGE_STANDARD = "gnu++0x";
				CLANG_CXX_LIBRARY = "libc++";
				CLANG_ENABLE_OBJC_ARC = YES;
				CLANG_WARN_EMPTY_BODY = YES;
				CLANG_WARN__DUPLICATE_METHOD_MATCH = YES;
				"CODE_SIGN_IDENTITY[sdk=iphoneos*]" = "iPhone Developer";
				COPY_PHASE_STRIP = NO;
				GCC_C_LANGUAGE_STANDARD = gnu99;
				GCC_DYNAMIC_NO_PIC = NO;
				GCC_OPTIMIZATION_LEVEL = 0;
				GCC_PREPROCESSOR_DEFINITIONS = (
					"DEBUG=1",
					"$(inherited)",
				);
				GCC_SYMBOLS_PRIVATE_EXTERN = NO;
				GCC_WARN_ABOUT_RETURN_TYPE = YES;
				GCC_WARN_UNINITIALIZED_AUTOS = YES;
				GCC_WARN_UNUSED_VARIABLE = YES;
				IPHONEOS_DEPLOYMENT_TARGET = 6.0;
				SDKROOT = iphoneos;
			};
			name = Debug;
		};
		B52AD81F1614C08800D0939A /* Release */ = {
			isa = XCBuildConfiguration;
			buildSettings = {
				ALWAYS_SEARCH_USER_PATHS = NO;
				CLANG_CXX_LANGUAGE_STANDARD = "gnu++0x";
				CLANG_CXX_LIBRARY = "libc++";
				CLANG_ENABLE_OBJC_ARC = YES;
				CLANG_WARN_EMPTY_BODY = YES;
				CLANG_WARN__DUPLICATE_METHOD_MATCH = YES;
				"CODE_SIGN_IDENTITY[sdk=iphoneos*]" = "iPhone Developer";
				COPY_PHASE_STRIP = YES;
				GCC_C_LANGUAGE_STANDARD = gnu99;
				GCC_WARN_ABOUT_RETURN_TYPE = YES;
				GCC_WARN_UNINITIALIZED_AUTOS = YES;
				GCC_WARN_UNUSED_VARIABLE = YES;
				IPHONEOS_DEPLOYMENT_TARGET = 6.0;
				OTHER_CFLAGS = "-DNS_BLOCK_ASSERTIONS=1";
				SDKROOT = iphoneos;
				VALIDATE_PRODUCT = YES;
			};
			name = Release;
		};
		B52AD8211614C08800D0939A /* Debug */ = {
			isa = XCBuildConfiguration;
			buildSettings = {
				GCC_PRECOMPILE_PREFIX_HEADER = YES;
				GCC_PREFIX_HEADER = "Coffeed/Coffeed-Prefix.pch";
				INFOPLIST_FILE = "Coffeed/Coffeed-Info.plist";
				PRODUCT_NAME = "$(TARGET_NAME)";
				WRAPPER_EXTENSION = app;
			};
			name = Debug;
		};
		B52AD8221614C08800D0939A /* Release */ = {
			isa = XCBuildConfiguration;
			buildSettings = {
				GCC_PRECOMPILE_PREFIX_HEADER = YES;
				GCC_PREFIX_HEADER = "Coffeed/Coffeed-Prefix.pch";
				INFOPLIST_FILE = "Coffeed/Coffeed-Info.plist";
				PRODUCT_NAME = "$(TARGET_NAME)";
				WRAPPER_EXTENSION = app;
			};
			name = Release;
		};
/* End XCBuildConfiguration section */

/* Begin XCConfigurationList section */
		B52AD7EB1614C08800D0939A /* Build configuration list for PBXProject "Coffeed" */ = {
			isa = XCConfigurationList;
			buildConfigurations = (
				B52AD81E1614C08800D0939A /* Debug */,
				B52AD81F1614C08800D0939A /* Release */,
			);
			defaultConfigurationIsVisible = 0;
			defaultConfigurationName = Release;
		};
		B52AD8201614C08800D0939A /* Build configuration list for PBXNativeTarget "Coffeed" */ = {
			isa = XCConfigurationList;
			buildConfigurations = (
				B52AD8211614C08800D0939A /* Debug */,
				B52AD8221614C08800D0939A /* Release */,
			);
			defaultConfigurationIsVisible = 0;
			defaultConfigurationName = Release;
		};
/* End XCConfigurationList section */
	};
	rootObject = B52AD7E81614C08800D0939A /* Project object */;
}
